// !$*UTF8*$!
{
	archiveVersion = 1;
	classes = {
	};
	objectVersion = 56;
	objects = {

/* Begin PBXBuildFile section */
		04B144632B49DCE30008125D /* __Animations_for_iOS_17App.swift in Sources */ = {isa = PBXBuildFile; fileRef = 04B144622B49DCE30008125D /* __Animations_for_iOS_17App.swift */; };
		04B144652B49DCE30008125D /* ContentView.swift in Sources */ = {isa = PBXBuildFile; fileRef = 04B144642B49DCE30008125D /* ContentView.swift */; };
		04B144672B49DCE40008125D /* Assets.xcassets in Resources */ = {isa = PBXBuildFile; fileRef = 04B144662B49DCE40008125D /* Assets.xcassets */; };
		04B1446A2B49DCE40008125D /* Preview Assets.xcassets in Resources */ = {isa = PBXBuildFile; fileRef = 04B144692B49DCE40008125D /* Preview Assets.xcassets */; };
		04B144712B49E1B90008125D /* SwiftUIView2.swift in Sources */ = {isa = PBXBuildFile; fileRef = 04B144702B49E1B90008125D /* SwiftUIView2.swift */; };
		04B144732B49E3DB0008125D /* SwiftUIView3.swift in Sources */ = {isa = PBXBuildFile; fileRef = 04B144722B49E3DB0008125D /* SwiftUIView3.swift */; };
		04B144752B49E5D80008125D /* SwiftUIView4.swift in Sources */ = {isa = PBXBuildFile; fileRef = 04B144742B49E5D80008125D /* SwiftUIView4.swift */; };
		04B144772B49EAF50008125D /* SwiftUIView5.swift in Sources */ = {isa = PBXBuildFile; fileRef = 04B144762B49EAF50008125D /* SwiftUIView5.swift */; };
		04B144792B49EEE90008125D /* SwiftUIView6.swift in Sources */ = {isa = PBXBuildFile; fileRef = 04B144782B49EEE90008125D /* SwiftUIView6.swift */; };
		04B1447B2B49F2A80008125D /* SwiftUIView7.swift in Sources */ = {isa = PBXBuildFile; fileRef = 04B1447A2B49F2A80008125D /* SwiftUIView7.swift */; };
/* End PBXBuildFile section */

/* Begin PBXFileReference section */
		04B1445F2B49DCE30008125D /* 6 Animations for iOS 17.app */ = {isa = PBXFileReference; explicitFileType = wrapper.application; includeInIndex = 0; path = "6 Animations for iOS 17.app"; sourceTree = BUILT_PRODUCTS_DIR; };
		04B144622B49DCE30008125D /* __Animations_for_iOS_17App.swift */ = {isa = PBXFileReference; lastKnownFileType = sourcecode.swift; path = __Animations_for_iOS_17App.swift; sourceTree = "<group>"; };
		04B144642B49DCE30008125D /* ContentView.swift */ = {isa = PBXFileReference; lastKnownFileType = sourcecode.swift; path = ContentView.swift; sourceTree = "<group>"; };
		04B144662B49DCE40008125D /* Assets.xcassets */ = {isa = PBXFileReference; lastKnownFileType = folder.assetcatalog; path = Assets.xcassets; sourceTree = "<group>"; };
		04B144692B49DCE40008125D /* Preview Assets.xcassets */ = {isa = PBXFileReference; lastKnownFileType = folder.assetcatalog; path = "Preview Assets.xcassets"; sourceTree = "<group>"; };
		04B144702B49E1B90008125D /* SwiftUIView2.swift */ = {isa = PBXFileReference; lastKnownFileType = sourcecode.swift; path = SwiftUIView2.swift; sourceTree = "<group>"; };
		04B144722B49E3DB0008125D /* SwiftUIView3.swift */ = {isa = PBXFileReference; lastKnownFileType = sourcecode.swift; path = SwiftUIView3.swift; sourceTree = "<group>"; };
		04B144742B49E5D80008125D /* SwiftUIView4.swift */ = {isa = PBXFileReference; lastKnownFileType = sourcecode.swift; path = SwiftUIView4.swift; sourceTree = "<group>"; };
		04B144762B49EAF50008125D /* SwiftUIView5.swift */ = {isa = PBXFileReference; lastKnownFileType = sourcecode.swift; path = SwiftUIView5.swift; sourceTree = "<group>"; };
		04B144782B49EEE90008125D /* SwiftUIView6.swift */ = {isa = PBXFileReference; lastKnownFileType = sourcecode.swift; path = SwiftUIView6.swift; sourceTree = "<group>"; };
		04B1447A2B49F2A80008125D /* SwiftUIView7.swift */ = {isa = PBXFileReference; lastKnownFileType = sourcecode.swift; path = SwiftUIView7.swift; sourceTree = "<group>"; };
/* End PBXFileReference section */

/* Begin PBXFrameworksBuildPhase section */
		04B1445C2B49DCE30008125D /* Frameworks */ = {
			isa = PBXFrameworksBuildPhase;
			buildActionMask = 2147483647;
			files = (
			);
			runOnlyForDeploymentPostprocessing = 0;
		};
/* End PBXFrameworksBuildPhase section */

/* Begin PBXGroup section */
		04B144562B49DCE30008125D = {
			isa = PBXGroup;
			children = (
				04B144612B49DCE30008125D /* 6 Animations for iOS 17 */,
				04B144602B49DCE30008125D /* Products */,
			);
			sourceTree = "<group>";
		};
		04B144602B49DCE30008125D /* Products */ = {
			isa = PBXGroup;
			children = (
				04B1445F2B49DCE30008125D /* 6 Animations for iOS 17.app */,
			);
			name = Products;
			sourceTree = "<group>";
		};
		04B144612B49DCE30008125D /* 6 Animations for iOS 17 */ = {
			isa = PBXGroup;
			children = (
				04B144622B49DCE30008125D /* __Animations_for_iOS_17App.swift */,
				04B144642B49DCE30008125D /* ContentView.swift */,
				04B144702B49E1B90008125D /* SwiftUIView2.swift */,
				04B144722B49E3DB0008125D /* SwiftUIView3.swift */,
				04B144742B49E5D80008125D /* SwiftUIView4.swift */,
				04B144762B49EAF50008125D /* SwiftUIView5.swift */,
				04B144782B49EEE90008125D /* SwiftUIView6.swift */,
				04B1447A2B49F2A80008125D /* SwiftUIView7.swift */,
				04B144662B49DCE40008125D /* Assets.xcassets */,
				04B144682B49DCE40008125D /* Preview Content */,
			);
			path = "6 Animations for iOS 17";
			sourceTree = "<group>";
		};
		04B144682B49DCE40008125D /* Preview Content */ = {
			isa = PBXGroup;
			children = (
				04B144692B49DCE40008125D /* Preview Assets.xcassets */,
			);
			path = "Preview Content";
			sourceTree = "<group>";
		};
/* End PBXGroup section */

/* Begin PBXNativeTarget section */
		04B1445E2B49DCE30008125D /* 6 Animations for iOS 17 */ = {
			isa = PBXNativeTarget;
			buildConfigurationList = 04B1446D2B49DCE40008125D /* Build configuration list for PBXNativeTarget "6 Animations for iOS 17" */;
			buildPhases = (
				04B1445B2B49DCE30008125D /* Sources */,
				04B1445C2B49DCE30008125D /* Frameworks */,
				04B1445D2B49DCE30008125D /* Resources */,
			);
			buildRules = (
			);
			dependencies = (
			);
			name = "6 Animations for iOS 17";
			productName = "6 Animations for iOS 17";
			productReference = 04B1445F2B49DCE30008125D /* 6 Animations for iOS 17.app */;
			productType = "com.apple.product-type.application";
		};
/* End PBXNativeTarget section */

/* Begin PBXProject section */
		04B144572B49DCE30008125D /* Project object */ = {
			isa = PBXProject;
			attributes = {
				BuildIndependentTargetsInParallel = 1;
				LastSwiftUpdateCheck = 1510;
				LastUpgradeCheck = 1510;
				TargetAttributes = {
					04B1445E2B49DCE30008125D = {
						CreatedOnToolsVersion = 15.1;
					};
				};
			};
			buildConfigurationList = 04B1445A2B49DCE30008125D /* Build configuration list for PBXProject "6 Animations for iOS 17" */;
			compatibilityVersion = "Xcode 14.0";
			developmentRegion = en;
			hasScannedForEncodings = 0;
			knownRegions = (
				en,
				Base,
			);
			mainGroup = 04B144562B49DCE30008125D;
			productRefGroup = 04B144602B49DCE30008125D /* Products */;
			projectDirPath = "";
			projectRoot = "";
			targets = (
				04B1445E2B49DCE30008125D /* 6 Animations for iOS 17 */,
			);
		};
/* End PBXProject section */

/* Begin PBXResourcesBuildPhase section */
		04B1445D2B49DCE30008125D /* Resources */ = {
			isa = PBXResourcesBuildPhase;
			buildActionMask = 2147483647;
			files = (
				04B1446A2B49DCE40008125D /* Preview Assets.xcassets in Resources */,
				04B144672B49DCE40008125D /* Assets.xcassets in Resources */,
			);
			runOnlyForDeploymentPostprocessing = 0;
		};
/* End PBXResourcesBuildPhase section */

/* Begin PBXSourcesBuildPhase section */
		04B1445B2B49DCE30008125D /* Sources */ = {
			isa = PBXSourcesBuildPhase;
			buildActionMask = 2147483647;
			files = (
				04B144652B49DCE30008125D /* ContentView.swift in Sources */,
				04B144632B49DCE30008125D /* __Animations_for_iOS_17App.swift in Sources */,
				04B1447B2B49F2A80008125D /* SwiftUIView7.swift in Sources */,
				04B144772B49EAF50008125D /* SwiftUIView5.swift in Sources */,
				04B144792B49EEE90008125D /* SwiftUIView6.swift in Sources */,
				04B144752B49E5D80008125D /* SwiftUIView4.swift in Sources */,
				04B144732B49E3DB0008125D /* SwiftUIView3.swift in Sources */,
				04B144712B49E1B90008125D /* SwiftUIView2.swift in Sources */,
			);
			runOnlyForDeploymentPostprocessing = 0;
		};
/* End PBXSourcesBuildPhase section */

/* Begin XCBuildConfiguration section */
		04B1446B2B49DCE40008125D /* Debug */ = {
			isa = XCBuildConfiguration;
			buildSettings = {
				ALWAYS_SEARCH_USER_PATHS = NO;
				ASSETCATALOG_COMPILER_GENERATE_SWIFT_ASSET_SYMBOL_EXTENSIONS = YES;
				CLANG_ANALYZER_NONNULL = YES;
				CLANG_ANALYZER_NUMBER_OBJECT_CONVERSION = YES_AGGRESSIVE;
				CLANG_CXX_LANGUAGE_STANDARD = "gnu++20";
				CLANG_ENABLE_MODULES = YES;
				CLANG_ENABLE_OBJC_ARC = YES;
				CLANG_ENABLE_OBJC_WEAK = YES;
				CLANG_WARN_BLOCK_CAPTURE_AUTORELEASING = YES;
				CLANG_WARN_BOOL_CONVERSION = YES;
				CLANG_WARN_COMMA = YES;
				CLANG_WARN_CONSTANT_CONVERSION = YES;
				CLANG_WARN_DEPRECATED_OBJC_IMPLEMENTATIONS = YES;
				CLANG_WARN_DIRECT_OBJC_ISA_USAGE = YES_ERROR;
				CLANG_WARN_DOCUMENTATION_COMMENTS = YES;
				CLANG_WARN_EMPTY_BODY = YES;
				CLANG_WARN_ENUM_CONVERSION = YES;
				CLANG_WARN_INFINITE_RECURSION = YES;
				CLANG_WARN_INT_CONVERSION = YES;
				CLANG_WARN_NON_LITERAL_NULL_CONVERSION = YES;
				CLANG_WARN_OBJC_IMPLICIT_RETAIN_SELF = YES;
				CLANG_WARN_OBJC_LITERAL_CONVERSION = YES;
				CLANG_WARN_OBJC_ROOT_CLASS = YES_ERROR;
				CLANG_WARN_QUOTED_INCLUDE_IN_FRAMEWORK_HEADER = YES;
				CLANG_WARN_RANGE_LOOP_ANALYSIS = YES;
				CLANG_WARN_STRICT_PROTOTYPES = YES;
				CLANG_WARN_SUSPICIOUS_MOVE = YES;
				CLANG_WARN_UNGUARDED_AVAILABILITY = YES_AGGRESSIVE;
				CLANG_WARN_UNREACHABLE_CODE = YES;
				CLANG_WARN__DUPLICATE_METHOD_MATCH = YES;
				COPY_PHASE_STRIP = NO;
				DEBUG_INFORMATION_FORMAT = dwarf;
				ENABLE_STRICT_OBJC_MSGSEND = YES;
				ENABLE_TESTABILITY = YES;
				ENABLE_USER_SCRIPT_SANDBOXING = YES;
				GCC_C_LANGUAGE_STANDARD = gnu17;
				GCC_DYNAMIC_NO_PIC = NO;
				GCC_NO_COMMON_BLOCKS = YES;
				GCC_OPTIMIZATION_LEVEL = 0;
				GCC_PREPROCESSOR_DEFINITIONS = (
					"DEBUG=1",
					"$(inherited)",
				);
				GCC_WARN_64_TO_32_BIT_CONVERSION = YES;
				GCC_WARN_ABOUT_RETURN_TYPE = YES_ERROR;
				GCC_WARN_UNDECLARED_SELECTOR = YES;
				GCC_WARN_UNINITIALIZED_AUTOS = YES_AGGRESSIVE;
				GCC_WARN_UNUSED_FUNCTION = YES;
				GCC_WARN_UNUSED_VARIABLE = YES;
				IPHONEOS_DEPLOYMENT_TARGET = 17.2;
				LOCALIZATION_PREFERS_STRING_CATALOGS = YES;
				MTL_ENABLE_DEBUG_INFO = INCLUDE_SOURCE;
				MTL_FAST_MATH = YES;
				ONLY_ACTIVE_ARCH = YES;
				SDKROOT = iphoneos;
				SWIFT_ACTIVE_COMPILATION_CONDITIONS = "DEBUG $(inherited)";
				SWIFT_OPTIMIZATION_LEVEL = "-Onone";
			};
			name = Debug;
		};
		04B1446C2B49DCE40008125D /* Release */ = {
			isa = XCBuildConfiguration;
			buildSettings = {
				ALWAYS_SEARCH_USER_PATHS = NO;
				ASSETCATALOG_COMPILER_GENERATE_SWIFT_ASSET_SYMBOL_EXTENSIONS = YES;
				CLANG_ANALYZER_NONNULL = YES;
				CLANG_ANALYZER_NUMBER_OBJECT_CONVERSION = YES_AGGRESSIVE;
				CLANG_CXX_LANGUAGE_STANDARD = "gnu++20";
				CLANG_ENABLE_MODULES = YES;
				CLANG_ENABLE_OBJC_ARC = YES;
				CLANG_ENABLE_OBJC_WEAK = YES;
				CLANG_WARN_BLOCK_CAPTURE_AUTORELEASING = YES;
				CLANG_WARN_BOOL_CONVERSION = YES;
				CLANG_WARN_COMMA = YES;
				CLANG_WARN_CONSTANT_CONVERSION = YES;
				CLANG_WARN_DEPRECATED_OBJC_IMPLEMENTATIONS = YES;
				CLANG_WARN_DIRECT_OBJC_ISA_USAGE = YES_ERROR;
				CLANG_WARN_DOCUMENTATION_COMMENTS = YES;
				CLANG_WARN_EMPTY_BODY = YES;
				CLANG_WARN_ENUM_CONVERSION = YES;
				CLANG_WARN_INFINITE_RECURSION = YES;
				CLANG_WARN_INT_CONVERSION = YES;
				CLANG_WARN_NON_LITERAL_NULL_CONVERSION = YES;
				CLANG_WARN_OBJC_IMPLICIT_RETAIN_SELF = YES;
				CLANG_WARN_OBJC_LITERAL_CONVERSION = YES;
				CLANG_WARN_OBJC_ROOT_CLASS = YES_ERROR;
				CLANG_WARN_QUOTED_INCLUDE_IN_FRAMEWORK_HEADER = YES;
				CLANG_WARN_RANGE_LOOP_ANALYSIS = YES;
				CLANG_WARN_STRICT_PROTOTYPES = YES;
				CLANG_WARN_SUSPICIOUS_MOVE = YES;
				CLANG_WARN_UNGUARDED_AVAILABILITY = YES_AGGRESSIVE;
				CLANG_WARN_UNREACHABLE_CODE = YES;
				CLANG_WARN__DUPLICATE_METHOD_MATCH = YES;
				COPY_PHASE_STRIP = NO;
				DEBUG_INFORMATION_FORMAT = "dwarf-with-dsym";
				ENABLE_NS_ASSERTIONS = NO;
				ENABLE_STRICT_OBJC_MSGSEND = YES;
				ENABLE_USER_SCRIPT_SANDBOXING = YES;
				GCC_C_LANGUAGE_STANDARD = gnu17;
				GCC_NO_COMMON_BLOCKS = YES;
				GCC_WARN_64_TO_32_BIT_CONVERSION = YES;
				GCC_WARN_ABOUT_RETURN_TYPE = YES_ERROR;
				GCC_WARN_UNDECLARED_SELECTOR = YES;
				GCC_WARN_UNINITIALIZED_AUTOS = YES_AGGRESSIVE;
				GCC_WARN_UNUSED_FUNCTION = YES;
				GCC_WARN_UNUSED_VARIABLE = YES;
				IPHONEOS_DEPLOYMENT_TARGET = 17.2;
				LOCALIZATION_PREFERS_STRING_CATALOGS = YES;
				MTL_ENABLE_DEBUG_INFO = NO;
				MTL_FAST_MATH = YES;
				SDKROOT = iphoneos;
				SWIFT_COMPILATION_MODE = wholemodule;
				VALIDATE_PRODUCT = YES;
			};
			name = Release;
		};
		04B1446E2B49DCE40008125D /* Debug */ = {
			isa = XCBuildConfiguration;
			buildSettings = {
				ASSETCATALOG_COMPILER_APPICON_NAME = AppIcon;
				ASSETCATALOG_COMPILER_GLOBAL_ACCENT_COLOR_NAME = AccentColor;
				CODE_SIGN_STYLE = Automatic;
				CURRENT_PROJECT_VERSION = 1;
				DEVELOPMENT_ASSET_PATHS = "\"6 Animations for iOS 17/Preview Content\"";
				DEVELOPMENT_TEAM = YLBXNHX6A6;
				ENABLE_PREVIEWS = YES;
				GENERATE_INFOPLIST_FILE = YES;
				INFOPLIST_KEY_UIApplicationSceneManifest_Generation = YES;
				INFOPLIST_KEY_UIApplicationSupportsIndirectInputEvents = YES;
				INFOPLIST_KEY_UILaunchScreen_Generation = YES;
				INFOPLIST_KEY_UISupportedInterfaceOrientations_iPad = "UIInterfaceOrientationPortrait UIInterfaceOrientationPortraitUpsideDown UIInterfaceOrientationLandscapeLeft UIInterfaceOrientationLandscapeRight";
				INFOPLIST_KEY_UISupportedInterfaceOrientations_iPhone = "UIInterfaceOrientationPortrait UIInterfaceOrientationLandscapeLeft UIInterfaceOrientationLandscapeRight";
				LD_RUNPATH_SEARCH_PATHS = (
					"$(inherited)",
					"@executable_path/Frameworks",
				);
				MARKETING_VERSION = 1.0;
				PRODUCT_BUNDLE_IDENTIFIER = "com.MarcinFrydrych.--Animations-for-iOS-17";
				PRODUCT_NAME = "$(TARGET_NAME)";
				SWIFT_EMIT_LOC_STRINGS = YES;
				SWIFT_VERSION = 5.0;
				TARGETED_DEVICE_FAMILY = "1,2";
			};
			name = Debug;
		};
		04B1446F2B49DCE40008125D /* Release */ = {
			isa = XCBuildConfiguration;
			buildSettings = {
				ASSETCATALOG_COMPILER_APPICON_NAME = AppIcon;
				ASSETCATALOG_COMPILER_GLOBAL_ACCENT_COLOR_NAME = AccentColor;
				CODE_SIGN_STYLE = Automatic;
				CURRENT_PROJECT_VERSION = 1;
				DEVELOPMENT_ASSET_PATHS = "\"6 Animations for iOS 17/Preview Content\"";
				DEVELOPMENT_TEAM = YLBXNHX6A6;
				ENABLE_PREVIEWS = YES;
				GENERATE_INFOPLIST_FILE = YES;
				INFOPLIST_KEY_UIApplicationSceneManifest_Generation = YES;
				INFOPLIST_KEY_UIApplicationSupportsIndirectInputEvents = YES;
				INFOPLIST_KEY_UILaunchScreen_Generation = YES;
				INFOPLIST_KEY_UISupportedInterfaceOrientations_iPad = "UIInterfaceOrientationPortrait UIInterfaceOrientationPortraitUpsideDown UIInterfaceOrientationLandscapeLeft UIInterfaceOrientationLandscapeRight";
				INFOPLIST_KEY_UISupportedInterfaceOrientations_iPhone = "UIInterfaceOrientationPortrait UIInterfaceOrientationLandscapeLeft UIInterfaceOrientationLandscapeRight";
				LD_RUNPATH_SEARCH_PATHS = (
					"$(inherited)",
					"@executable_path/Frameworks",
				);
				MARKETING_VERSION = 1.0;
				PRODUCT_BUNDLE_IDENTIFIER = "com.MarcinFrydrych.--Animations-for-iOS-17";
				PRODUCT_NAME = "$(TARGET_NAME)";
				SWIFT_EMIT_LOC_STRINGS = YES;
				SWIFT_VERSION = 5.0;
				TARGETED_DEVICE_FAMILY = "1,2";
			};
			name = Release;
		};
/* End XCBuildConfiguration section */

/* Begin XCConfigurationList section */
		04B1445A2B49DCE30008125D /* Build configuration list for PBXProject "6 Animations for iOS 17" */ = {
			isa = XCConfigurationList;
			buildConfigurations = (
				04B1446B2B49DCE40008125D /* Debug */,
				04B1446C2B49DCE40008125D /* Release */,
			);
			defaultConfigurationIsVisible = 0;
			defaultConfigurationName = Release;
		};
		04B1446D2B49DCE40008125D /* Build configuration list for PBXNativeTarget "6 Animations for iOS 17" */ = {
			isa = XCConfigurationList;
			buildConfigurations = (
				04B1446E2B49DCE40008125D /* Debug */,
				04B1446F2B49DCE40008125D /* Release */,
			);
			defaultConfigurationIsVisible = 0;
			defaultConfigurationName = Release;
		};
/* End XCConfigurationList section */
	};
	rootObject = 04B144572B49DCE30008125D /* Project object */;
}
